
Microsoft Visual Studio Solution File, Format Version 12.00
# Visual Studio Version 17
VisualStudioVersion = 17.3.32929.385
MinimumVisualStudioVersion = 10.0.40219.1
Project("{9A19103F-16F7-4668-BE54-9A1E7A4F7556}") = "Webshop", "Webshop.csproj", "{066089F4-A7DB-4E4C-96B9-AD472B4E508C}"
EndProject
Global
	GlobalSection(SolutionConfigurationPlatforms) = preSolution
		Debug|Any CPU = Debug|Any CPU
		Release|Any CPU = Release|Any CPU
	EndGlobalSection
	GlobalSection(ProjectConfigurationPlatforms) = postSolution
		{066089F4-A7DB-4E4C-96B9-AD472B4E508C}.Debug|Any CPU.ActiveCfg = Debug|Any CPU
		{066089F4-A7DB-4E4C-96B9-AD472B4E508C}.Debug|Any CPU.Build.0 = Debug|Any CPU
		{066089F4-A7DB-4E4C-96B9-AD472B4E508C}.Release|Any CPU.ActiveCfg = Release|Any CPU
		{066089F4-A7DB-4E4C-96B9-AD472B4E508C}.Release|Any CPU.Build.0 = Release|Any CPU
	EndGlobalSection
	GlobalSection(SolutionProperties) = preSolution
		HideSolutionNode = FALSE
	EndGlobalSection
	GlobalSection(ExtensibilityGlobals) = postSolution
		SolutionGuid = {72B33155-5A34-4587-B331-C0375479A5F6}
	EndGlobalSection
EndGlobal
